{
  "nodes": {
    "flake-compat": {
      "flake": false,
      "locked": {
        "lastModified": 1696426674,
        "narHash": "sha256-kvjfFW7WAETZlt09AgDn1MrtKzP7t90Vf7vypd3OL1U=",
        "owner": "edolstra",
        "repo": "flake-compat",
        "rev": "0f9255e01c2351cc7d116c072cb317785dd33b33",
        "type": "github"
      },
      "original": {
        "owner": "edolstra",
        "repo": "flake-compat",
        "type": "github"
      }
    },
    "gitignore": {
      "inputs": {
        "nixpkgs": [
          "pre-commit-hooks",
          "nixpkgs"
        ]
      },
      "locked": {
        "lastModified": 1709087332,
        "narHash": "sha256-HG2cCnktfHsKV0s4XW83gU3F57gaTljL9KNSuG6bnQs=",
        "owner": "hercules-ci",
        "repo": "gitignore.nix",
        "rev": "637db329424fd7e46cf4185293b9cc8c88c95394",
        "type": "github"
      },
      "original": {
        "owner": "hercules-ci",
        "repo": "gitignore.nix",
        "type": "github"
      }
    },
    "nixpkgs": {
      "locked": {
        "lastModified": 1737062831,
        "narHash": "sha256-Tbk1MZbtV2s5aG+iM99U8FqwxU/YNArMcWAv6clcsBc=",
        "owner": "NixOS",
        "repo": "nixpkgs",
        "rev": "5df43628fdf08d642be8ba5b3625a6c70731c19c",
        "type": "github"
      },
      "original": {
        "owner": "NixOS",
        "ref": "nixos-unstable",
        "repo": "nixpkgs",
        "type": "github"
      }
    },
    "parts": {
      "inputs": {
        "nixpkgs-lib": [
          "nixpkgs"
        ]
      },
      "locked": {
        "lastModified": 1736143030,
        "narHash": "sha256-+hu54pAoLDEZT9pjHlqL9DNzWz0NbUn8NEAHP7PQPzU=",
        "owner": "hercules-ci",
        "repo": "flake-parts",
        "rev": "b905f6fc23a9051a6e1b741e1438dbfc0634c6de",
        "type": "github"
      },
      "original": {
        "owner": "hercules-ci",
        "repo": "flake-parts",
        "type": "github"
      }
    },
    "pre-commit-hooks": {
      "inputs": {
        "flake-compat": "flake-compat",
        "gitignore": "gitignore",
        "nixpkgs": [
          "nixpkgs"
        ]
      },
      "locked": {
        "lastModified": 1737043064,
        "narHash": "sha256-I/OuxGwXwRi5gnFPsyCvVR+IfFstA+QXEpHu1hvsgD8=",
        "owner": "cachix",
        "repo": "git-hooks.nix",
        "rev": "94ee657f6032d913fe0ef49adaa743804635b0bb",
        "type": "github"
      },
      "original": {
        "owner": "cachix",
        "repo": "git-hooks.nix",
        "type": "github"
      }
    },
    "root": {
      "inputs": {
        "nixpkgs": "nixpkgs",
        "parts": "parts",
        "pre-commit-hooks": "pre-commit-hooks",
        "typst-nix": "typst-nix",
        "typst-packages": "typst-packages"
      }
    },
    "systems": {
      "locked": {
        "lastModified": 1681028828,
        "narHash": "sha256-Vy1rq5AaRuLzOxct8nz4T6wlgyUR7zLU309k9mBC768=",
        "owner": "nix-systems",
        "repo": "default",
        "rev": "da67096a3b9bf56a91d16901293e51ba5b49a27e",
        "type": "github"
      },
      "original": {
        "owner": "nix-systems",
        "repo": "default",
        "type": "github"
      }
    },
    "typst-nix": {
      "inputs": {
        "nixpkgs": [
          "nixpkgs"
        ],
        "systems": "systems",
        "typst-packages": [
          "typst-packages"
        ]
      },
      "locked": {
        "lastModified": 1722893259,
        "narHash": "sha256-SC+ydSiOZOan6GM6QN7VfytfzpB7kkfrBhj3hdq5Q1I=",
        "owner": "misterio77",
        "repo": "typst-nix",
        "rev": "90334eeb5e918d37608e69393dd8a7c7e5b683b8",
        "type": "github"
      },
      "original": {
        "owner": "misterio77",
        "repo": "typst-nix",
        "type": "github"
      }
    },
    "typst-packages": {
      "flake": false,
      "locked": {
        "lastModified": 1737131732,
        "narHash": "sha256-uELdSypkuVT4g18Rs8Z/udAsFrNl8SUyqzX7qg6A3ZA=",
        "owner": "typst",
        "repo": "packages",
        "rev": "25ec1e67f63d3916f987696bddb021d2b9fab659",
        "type": "github"
      },
      "original": {
        "owner": "typst",
        "repo": "packages",
        "type": "github"
      }
    }
  },
  "root": "root",
  "version": 7
}
