# This file is automatically @generated by tinymist.
# It is not intended for manual editing.
version = "0.1.0-beta0"

[[document]]
id = "file:example.typ"
inputs = []
main = "file:example.typ"
root = "file:."
system-fonts = true

[[document]]
id = "file:lib.typ"
inputs = []
main = "file:lib.typ"
root = "file:."
system-fonts = true

[[document]]
id = "file:manual.typ"
inputs = []
main = "file:manual.typ"
root = "file:."
system-fonts = true

[[route]]
id = "file:example.typ"
priority = 256

[[route]]
id = "file:lib.typ"
priority = 256

[[route]]
id = "file:manual.typ"
priority = 256
