version: 5
environments:
  default:
    channels:
    - url: https://conda.anaconda.org/conda-forge/label/typst_rc/
    - url: https://conda.anaconda.org/conda-forge/
    packages:
      osx-arm64:
      - conda: https://conda.anaconda.org/conda-forge/osx-arm64/typst-test-0.0.0.post106+2b4e689-h6e96688_0.conda
  dev:
    channels:
    - url: https://conda.anaconda.org/conda-forge/label/typst_rc/
    - url: https://conda.anaconda.org/conda-forge/
    packages:
      osx-arm64:
      - conda: https://conda.anaconda.org/conda-forge/label/typst_rc/osx-arm64/typst-0.12.0rc1-h53f8a57_2.conda
      - conda: https://conda.anaconda.org/conda-forge/osx-arm64/typst-test-0.0.0.post106+2b4e689-h6e96688_0.conda
  latest:
    channels:
    - url: https://conda.anaconda.org/conda-forge/label/typst_rc/
    - url: https://conda.anaconda.org/conda-forge/
    packages:
      osx-arm64:
      - conda: https://conda.anaconda.org/conda-forge/osx-arm64/typst-0.11.1-h6e96688_1.conda
      - conda: https://conda.anaconda.org/conda-forge/osx-arm64/typst-test-0.0.0.post106+2b4e689-h6e96688_0.conda
packages:
- kind: conda
  name: typst
  version: 0.11.1
  build: h6e96688_1
  build_number: 1
  subdir: osx-arm64
  url: https://conda.anaconda.org/conda-forge/osx-arm64/typst-0.11.1-h6e96688_1.conda
  sha256: 099137f7ee65cadb34cf5aa54e9bf2628903adf76a26952ba4b2e1f1e8ffcd47
  md5: 53fa0134a57fca2c2211b3edb4633239
  depends:
  - __osx >=11.0
  constrains:
  - __osx >=11.0
  license: Apache-2.0
  license_family: Apache
  size: 10945278
  timestamp: 1720521723458
- kind: conda
  name: typst
  version: 0.12.0rc1
  build: h53f8a57_2
  build_number: 2
  subdir: osx-arm64
  url: https://conda.anaconda.org/conda-forge/label/typst_rc/osx-arm64/typst-0.12.0rc1-h53f8a57_2.conda
  sha256: 28c5db7a3f13bca5b12f70111b60c40ab3941f749b3ad66430c1f64b8e867c42
  md5: 8b275a4165fcad99bb9820874774cf64
  depends:
  - __osx >=11.0
  constrains:
  - __osx >=11.0
  arch: arm64
  platform: osx
  license: Apache-2.0
  license_family: Apache
  size: 12162928
  timestamp: 1728062129771
- kind: conda
  name: typst-test
  version: 0.0.0.post106+2b4e689
  build: h6e96688_0
  subdir: osx-arm64
  url: https://conda.anaconda.org/conda-forge/osx-arm64/typst-test-0.0.0.post106+2b4e689-h6e96688_0.conda
  sha256: 472d2eb5144295e6d33d5c632b766586b1fb4a5026e7173551470dcf6cf3f64d
  md5: ee82537ab27780ee221a1a855370e65e
  depends:
  - __osx >=11.0
  constrains:
  - __osx >=11.0
  license: MIT
  license_family: MIT
  size: 11156937
  timestamp: 1721425137996
