version: 5
environments:
  current:
    channels:
    - url: https://conda.anaconda.org/conda-forge/label/typst_rc/
    - url: https://conda.anaconda.org/conda-forge/
    packages:
      osx-arm64:
      - conda: https://conda.anaconda.org/conda-forge/osx-arm64/bzip2-1.0.8-h99b78c6_7.conda
      - conda: https://conda.anaconda.org/conda-forge/osx-arm64/ca-certificates-2024.8.30-hf0a4a13_0.conda
      - conda: https://conda.anaconda.org/conda-forge/osx-arm64/icu-75.1-hfee45f7_0.conda
      - conda: https://conda.anaconda.org/conda-forge/osx-arm64/libcxx-19.1.1-ha82da77_0.conda
      - conda: https://conda.anaconda.org/conda-forge/osx-arm64/libexpat-2.6.3-hf9b8971_0.conda
      - conda: https://conda.anaconda.org/conda-forge/osx-arm64/libffi-3.4.2-h3422bc3_5.tar.bz2
      - conda: https://conda.anaconda.org/conda-forge/osx-arm64/libiconv-1.17-h0d3ecfb_2.conda
      - conda: https://conda.anaconda.org/conda-forge/osx-arm64/libsqlite-3.46.1-hc14010f_0.conda
      - conda: https://conda.anaconda.org/conda-forge/osx-arm64/libxml2-2.12.7-h01dff8b_4.conda
      - conda: https://conda.anaconda.org/conda-forge/osx-arm64/libxslt-1.1.39-h223e5b9_0.conda
      - conda: https://conda.anaconda.org/conda-forge/osx-arm64/libzlib-1.3.1-h8359307_2.conda
      - conda: https://conda.anaconda.org/conda-forge/osx-arm64/lxml-5.2.2-py312h0e5ab22_0.conda
      - conda: https://conda.anaconda.org/conda-forge/osx-arm64/ncurses-6.5-h7bae524_1.conda
      - conda: https://conda.anaconda.org/conda-forge/osx-arm64/nushell-0.95.0-h783d0cf_0.conda
      - conda: https://conda.anaconda.org/conda-forge/osx-arm64/openssl-3.3.2-h8359307_0.conda
      - conda: https://conda.anaconda.org/conda-forge/osx-arm64/python-3.12.7-h739c21a_0_cpython.conda
      - conda: https://conda.anaconda.org/conda-forge/osx-arm64/python_abi-3.12-5_cp312.conda
      - conda: https://conda.anaconda.org/conda-forge/osx-arm64/readline-8.2-h92ec313_1.conda
      - conda: https://conda.anaconda.org/conda-forge/osx-arm64/tk-8.6.13-h5083fa2_1.conda
      - conda: https://conda.anaconda.org/conda-forge/noarch/tomli-2.0.2-pyhd8ed1ab_0.conda
      - conda: https://conda.anaconda.org/conda-forge/osx-arm64/typos-1.22.7-h6e96688_0.conda
      - conda: https://conda.anaconda.org/conda-forge/osx-arm64/typst-0.11.1-h6e96688_1.conda
      - conda: https://conda.anaconda.org/conda-forge/osx-arm64/typst-test-0.0.0.post106+2b4e689-h6e96688_0.conda
      - conda: https://conda.anaconda.org/conda-forge/noarch/tzdata-2024b-hc8b5060_0.conda
      - conda: https://conda.anaconda.org/conda-forge/osx-arm64/xz-5.2.6-h57fd34a_0.tar.bz2
  default:
    channels:
    - url: https://conda.anaconda.org/conda-forge/label/typst_rc/
    - url: https://conda.anaconda.org/conda-forge/
    packages:
      osx-arm64:
      - conda: https://conda.anaconda.org/conda-forge/osx-arm64/bzip2-1.0.8-h99b78c6_7.conda
      - conda: https://conda.anaconda.org/conda-forge/osx-arm64/ca-certificates-2024.8.30-hf0a4a13_0.conda
      - conda: https://conda.anaconda.org/conda-forge/osx-arm64/icu-75.1-hfee45f7_0.conda
      - conda: https://conda.anaconda.org/conda-forge/osx-arm64/libcxx-19.1.1-ha82da77_0.conda
      - conda: https://conda.anaconda.org/conda-forge/osx-arm64/libexpat-2.6.3-hf9b8971_0.conda
      - conda: https://conda.anaconda.org/conda-forge/osx-arm64/libffi-3.4.2-h3422bc3_5.tar.bz2
      - conda: https://conda.anaconda.org/conda-forge/osx-arm64/libiconv-1.17-h0d3ecfb_2.conda
      - conda: https://conda.anaconda.org/conda-forge/osx-arm64/libsqlite-3.46.1-hc14010f_0.conda
      - conda: https://conda.anaconda.org/conda-forge/osx-arm64/libxml2-2.12.7-h01dff8b_4.conda
      - conda: https://conda.anaconda.org/conda-forge/osx-arm64/libxslt-1.1.39-h223e5b9_0.conda
      - conda: https://conda.anaconda.org/conda-forge/osx-arm64/libzlib-1.3.1-h8359307_2.conda
      - conda: https://conda.anaconda.org/conda-forge/osx-arm64/lxml-5.2.2-py312h0e5ab22_0.conda
      - conda: https://conda.anaconda.org/conda-forge/osx-arm64/ncurses-6.5-h7bae524_1.conda
      - conda: https://conda.anaconda.org/conda-forge/osx-arm64/nushell-0.95.0-h783d0cf_0.conda
      - conda: https://conda.anaconda.org/conda-forge/osx-arm64/openssl-3.3.2-h8359307_0.conda
      - conda: https://conda.anaconda.org/conda-forge/osx-arm64/python-3.12.7-h739c21a_0_cpython.conda
      - conda: https://conda.anaconda.org/conda-forge/osx-arm64/python_abi-3.12-5_cp312.conda
      - conda: https://conda.anaconda.org/conda-forge/osx-arm64/readline-8.2-h92ec313_1.conda
      - conda: https://conda.anaconda.org/conda-forge/osx-arm64/tk-8.6.13-h5083fa2_1.conda
      - conda: https://conda.anaconda.org/conda-forge/noarch/tomli-2.0.2-pyhd8ed1ab_0.conda
      - conda: https://conda.anaconda.org/conda-forge/osx-arm64/typos-1.22.7-h6e96688_0.conda
      - conda: https://conda.anaconda.org/conda-forge/osx-arm64/typst-test-0.0.0.post106+2b4e689-h6e96688_0.conda
      - conda: https://conda.anaconda.org/conda-forge/noarch/tzdata-2024b-hc8b5060_0.conda
      - conda: https://conda.anaconda.org/conda-forge/osx-arm64/xz-5.2.6-h57fd34a_0.tar.bz2
  rc:
    channels:
    - url: https://conda.anaconda.org/conda-forge/label/typst_rc/
    - url: https://conda.anaconda.org/conda-forge/
    packages:
      osx-arm64:
      - conda: https://conda.anaconda.org/conda-forge/osx-arm64/bzip2-1.0.8-h99b78c6_7.conda
      - conda: https://conda.anaconda.org/conda-forge/osx-arm64/ca-certificates-2024.8.30-hf0a4a13_0.conda
      - conda: https://conda.anaconda.org/conda-forge/osx-arm64/icu-75.1-hfee45f7_0.conda
      - conda: https://conda.anaconda.org/conda-forge/osx-arm64/libcxx-19.1.1-ha82da77_0.conda
      - conda: https://conda.anaconda.org/conda-forge/osx-arm64/libexpat-2.6.3-hf9b8971_0.conda
      - conda: https://conda.anaconda.org/conda-forge/osx-arm64/libffi-3.4.2-h3422bc3_5.tar.bz2
      - conda: https://conda.anaconda.org/conda-forge/osx-arm64/libiconv-1.17-h0d3ecfb_2.conda
      - conda: https://conda.anaconda.org/conda-forge/osx-arm64/libsqlite-3.46.1-hc14010f_0.conda
      - conda: https://conda.anaconda.org/conda-forge/osx-arm64/libxml2-2.12.7-h01dff8b_4.conda
      - conda: https://conda.anaconda.org/conda-forge/osx-arm64/libxslt-1.1.39-h223e5b9_0.conda
      - conda: https://conda.anaconda.org/conda-forge/osx-arm64/libzlib-1.3.1-h8359307_2.conda
      - conda: https://conda.anaconda.org/conda-forge/osx-arm64/lxml-5.2.2-py312h0e5ab22_0.conda
      - conda: https://conda.anaconda.org/conda-forge/osx-arm64/ncurses-6.5-h7bae524_1.conda
      - conda: https://conda.anaconda.org/conda-forge/osx-arm64/nushell-0.95.0-h783d0cf_0.conda
      - conda: https://conda.anaconda.org/conda-forge/osx-arm64/openssl-3.3.2-h8359307_0.conda
      - conda: https://conda.anaconda.org/conda-forge/osx-arm64/python-3.12.7-h739c21a_0_cpython.conda
      - conda: https://conda.anaconda.org/conda-forge/osx-arm64/python_abi-3.12-5_cp312.conda
      - conda: https://conda.anaconda.org/conda-forge/osx-arm64/readline-8.2-h92ec313_1.conda
      - conda: https://conda.anaconda.org/conda-forge/osx-arm64/tk-8.6.13-h5083fa2_1.conda
      - conda: https://conda.anaconda.org/conda-forge/noarch/tomli-2.0.2-pyhd8ed1ab_0.conda
      - conda: https://conda.anaconda.org/conda-forge/osx-arm64/typos-1.22.7-h6e96688_0.conda
      - conda: https://conda.anaconda.org/conda-forge/label/typst_rc/osx-arm64/typst-0.12.0rc1-h53f8a57_3.conda
      - conda: https://conda.anaconda.org/conda-forge/osx-arm64/typst-test-0.0.0.post106+2b4e689-h6e96688_0.conda
      - conda: https://conda.anaconda.org/conda-forge/noarch/tzdata-2024b-hc8b5060_0.conda
      - conda: https://conda.anaconda.org/conda-forge/osx-arm64/xz-5.2.6-h57fd34a_0.tar.bz2
packages:
- kind: conda
  name: bzip2
  version: 1.0.8
  build: h99b78c6_7
  build_number: 7
  subdir: osx-arm64
  url: https://conda.anaconda.org/conda-forge/osx-arm64/bzip2-1.0.8-h99b78c6_7.conda
  sha256: adfa71f158cbd872a36394c56c3568e6034aa55c623634b37a4836bd036e6b91
  md5: fc6948412dbbbe9a4c9ddbbcfe0a79ab
  depends:
  - __osx >=11.0
  license: bzip2-1.0.6
  license_family: BSD
  size: 122909
  timestamp: 1720974522888
- kind: conda
  name: ca-certificates
  version: 2024.8.30
  build: hf0a4a13_0
  subdir: osx-arm64
  url: https://conda.anaconda.org/conda-forge/osx-arm64/ca-certificates-2024.8.30-hf0a4a13_0.conda
  sha256: 2db1733f4b644575dbbdd7994a8f338e6ef937f5ebdb74acd557e9dda0211709
  md5: 40dec13fd8348dbe303e57be74bd3d35
  license: ISC
  size: 158482
  timestamp: 1725019034582
- kind: conda
  name: icu
  version: '75.1'
  build: hfee45f7_0
  subdir: osx-arm64
  url: https://conda.anaconda.org/conda-forge/osx-arm64/icu-75.1-hfee45f7_0.conda
  sha256: 9ba12c93406f3df5ab0a43db8a4b4ef67a5871dfd401010fbe29b218b2cbe620
  md5: 5eb22c1d7b3fc4abb50d92d621583137
  depends:
  - __osx >=11.0
  license: MIT
  license_family: MIT
  size: 11857802
  timestamp: 1720853997952
- kind: conda
  name: libcxx
  version: 19.1.1
  build: ha82da77_0
  subdir: osx-arm64
  url: https://conda.anaconda.org/conda-forge/osx-arm64/libcxx-19.1.1-ha82da77_0.conda
  sha256: bc2f7cca206fa8a1dfe801c90362a1b6ec2967a75ef60d26e7c7114884c120c0
  md5: 4ed0a90fd6a5bdda4ecf98912329993f
  depends:
  - __osx >=11.0
  license: Apache-2.0 WITH LLVM-exception
  license_family: Apache
  size: 522850
  timestamp: 1727862893739
- kind: conda
  name: libexpat
  version: 2.6.3
  build: hf9b8971_0
  subdir: osx-arm64
  url: https://conda.anaconda.org/conda-forge/osx-arm64/libexpat-2.6.3-hf9b8971_0.conda
  sha256: 5cbe5a199fba14ade55457a468ce663aac0b54832c39aa54470b3889b4c75c4a
  md5: 5f22f07c2ab2dea8c66fe9585a062c96
  depends:
  - __osx >=11.0
  constrains:
  - expat 2.6.3.*
  license: MIT
  license_family: MIT
  size: 63895
  timestamp: 1725568783033
- kind: conda
  name: libffi
  version: 3.4.2
  build: h3422bc3_5
  build_number: 5
  subdir: osx-arm64
  url: https://conda.anaconda.org/conda-forge/osx-arm64/libffi-3.4.2-h3422bc3_5.tar.bz2
  sha256: 41b3d13efb775e340e4dba549ab5c029611ea6918703096b2eaa9c015c0750ca
  md5: 086914b672be056eb70fd4285b6783b6
  license: MIT
  license_family: MIT
  size: 39020
  timestamp: 1636488587153
- kind: conda
  name: libiconv
  version: '1.17'
  build: h0d3ecfb_2
  build_number: 2
  subdir: osx-arm64
  url: https://conda.anaconda.org/conda-forge/osx-arm64/libiconv-1.17-h0d3ecfb_2.conda
  sha256: bc7de5097b97bcafcf7deaaed505f7ce02f648aac8eccc0d5a47cc599a1d0304
  md5: 69bda57310071cf6d2b86caf11573d2d
  license: LGPL-2.1-only
  size: 676469
  timestamp: 1702682458114
- kind: conda
  name: libsqlite
  version: 3.46.1
  build: hc14010f_0
  subdir: osx-arm64
  url: https://conda.anaconda.org/conda-forge/osx-arm64/libsqlite-3.46.1-hc14010f_0.conda
  sha256: 3725f962f490c5d44dae326d5f5b2e3c97f71a6322d914ccc85b5ddc2e50d120
  md5: 58050ec1724e58668d0126a1615553fa
  depends:
  - __osx >=11.0
  - libzlib >=1.3.1,<2.0a0
  license: Unlicense
  size: 829500
  timestamp: 1725353720793
- kind: conda
  name: libxml2
  version: 2.12.7
  build: h01dff8b_4
  build_number: 4
  subdir: osx-arm64
  url: https://conda.anaconda.org/conda-forge/osx-arm64/libxml2-2.12.7-h01dff8b_4.conda
  sha256: a9a76cdc6e93c0182bc2ac58b1ea0152be1a16a5d23f4dc7b8df282a7aef8d20
  md5: 1265488dc5035457b729583119ad4a1b
  depends:
  - __osx >=11.0
  - icu >=75.1,<76.0a0
  - libiconv >=1.17,<2.0a0
  - libzlib >=1.3.1,<2.0a0
  - xz >=5.2.6,<6.0a0
  license: MIT
  license_family: MIT
  size: 588990
  timestamp: 1721031045514
- kind: conda
  name: libxslt
  version: 1.1.39
  build: h223e5b9_0
  subdir: osx-arm64
  url: https://conda.anaconda.org/conda-forge/osx-arm64/libxslt-1.1.39-h223e5b9_0.conda
  sha256: 2f1d99ef3fb960f23a63f06cf65ee621a5594a8b4616f35d9805be44617a92af
  md5: 560c9cacc33e927f55b998eaa0cb1732
  depends:
  - libxml2 >=2.12.1,<3.0.0a0
  license: MIT
  license_family: MIT
  size: 225705
  timestamp: 1701628966565
- kind: conda
  name: libzlib
  version: 1.3.1
  build: h8359307_2
  build_number: 2
  subdir: osx-arm64
  url: https://conda.anaconda.org/conda-forge/osx-arm64/libzlib-1.3.1-h8359307_2.conda
  sha256: ce34669eadaba351cd54910743e6a2261b67009624dbc7daeeafdef93616711b
  md5: 369964e85dc26bfe78f41399b366c435
  depends:
  - __osx >=11.0
  constrains:
  - zlib 1.3.1 *_2
  license: Zlib
  license_family: Other
  size: 46438
  timestamp: 1727963202283
- kind: conda
  name: lxml
  version: 5.2.2
  build: py312h0e5ab22_0
  subdir: osx-arm64
  url: https://conda.anaconda.org/conda-forge/osx-arm64/lxml-5.2.2-py312h0e5ab22_0.conda
  sha256: 6dda17b6be96e13adb7810e7aeaa676429b93ce472e636f73ba56f2b61918d24
  md5: d049fc23bf40c0f7d97bc4a35d91b97c
  depends:
  - __osx >=11.0
  - libxml2 >=2.12.6,<3.0a0
  - libxslt >=1.1.39,<2.0a0
  - libzlib >=1.2.13,<2.0.0a0
  - python >=3.12,<3.13.0a0
  - python >=3.12,<3.13.0a0 *_cpython
  - python_abi 3.12.* *_cp312
  license: BSD-3-Clause and MIT-CMU
  size: 1149120
  timestamp: 1715599148831
- kind: conda
  name: ncurses
  version: '6.5'
  build: h7bae524_1
  build_number: 1
  subdir: osx-arm64
  url: https://conda.anaconda.org/conda-forge/osx-arm64/ncurses-6.5-h7bae524_1.conda
  sha256: 27d0b9ff78ad46e1f3a6c96c479ab44beda5f96def88e2fe626e0a49429d8afc
  md5: cb2b0ea909b97b3d70cd3921d1445e1a
  depends:
  - __osx >=11.0
  license: X11 AND BSD-3-Clause
  size: 802321
  timestamp: 1724658775723
- kind: conda
  name: nushell
  version: 0.95.0
  build: h783d0cf_0
  subdir: osx-arm64
  url: https://conda.anaconda.org/conda-forge/osx-arm64/nushell-0.95.0-h783d0cf_0.conda
  sha256: 2b2ade438bf3bc561b498946eb4fb1ab1fdafe58f7fc5da371db97b875b0de61
  md5: b8a4474a347cc5d26384c5e644f461ea
  depends:
  - __osx >=11.0
  - libcxx >=16
  - libzlib >=1.3.1,<2.0a0
  - openssl >=3.3.1,<4.0a0
  constrains:
  - __osx >=11.0
  license: MIT
  license_family: MIT
  size: 7686021
  timestamp: 1719358942667
- kind: conda
  name: openssl
  version: 3.3.2
  build: h8359307_0
  subdir: osx-arm64
  url: https://conda.anaconda.org/conda-forge/osx-arm64/openssl-3.3.2-h8359307_0.conda
  sha256: 940fa01c4dc6152158fe8943e05e55a1544cab639df0994e3b35937839e4f4d1
  md5: 1773ebccdc13ec603356e8ff1db9e958
  depends:
  - __osx >=11.0
  - ca-certificates
  license: Apache-2.0
  license_family: Apache
  size: 2882450
  timestamp: 1725410638874
- kind: conda
  name: python
  version: 3.12.7
  build: h739c21a_0_cpython
  subdir: osx-arm64
  url: https://conda.anaconda.org/conda-forge/osx-arm64/python-3.12.7-h739c21a_0_cpython.conda
  sha256: 45d7ca2074aa92594bd2f91a9003b338cc1df8a46b9492b7fc8167110783c3ef
  md5: e0d82e57ebb456077565e6d82cd4a323
  depends:
  - __osx >=11.0
  - bzip2 >=1.0.8,<2.0a0
  - libexpat >=2.6.3,<3.0a0
  - libffi >=3.4,<4.0a0
  - libsqlite >=3.46.1,<4.0a0
  - libzlib >=1.3.1,<2.0a0
  - ncurses >=6.5,<7.0a0
  - openssl >=3.3.2,<4.0a0
  - readline >=8.2,<9.0a0
  - tk >=8.6.13,<8.7.0a0
  - tzdata
  - xz >=5.2.6,<6.0a0
  constrains:
  - python_abi 3.12.* *_cp312
  license: Python-2.0
  size: 12975439
  timestamp: 1728057819519
- kind: conda
  name: python_abi
  version: '3.12'
  build: 5_cp312
  build_number: 5
  subdir: osx-arm64
  url: https://conda.anaconda.org/conda-forge/osx-arm64/python_abi-3.12-5_cp312.conda
  sha256: 49d624e4b809c799d2bf257b22c23cf3fc4460f5570d9a58e7ad86350aeaa1f4
  md5: b76f9b1c862128e56ac7aa8cd2333de9
  constrains:
  - python 3.12.* *_cpython
  license: BSD-3-Clause
  license_family: BSD
  size: 6278
  timestamp: 1723823099686
- kind: conda
  name: readline
  version: '8.2'
  build: h92ec313_1
  build_number: 1
  subdir: osx-arm64
  url: https://conda.anaconda.org/conda-forge/osx-arm64/readline-8.2-h92ec313_1.conda
  sha256: a1dfa679ac3f6007362386576a704ad2d0d7a02e98f5d0b115f207a2da63e884
  md5: 8cbb776a2f641b943d413b3e19df71f4
  depends:
  - ncurses >=6.3,<7.0a0
  license: GPL-3.0-only
  license_family: GPL
  size: 250351
  timestamp: 1679532511311
- kind: conda
  name: tk
  version: 8.6.13
  build: h5083fa2_1
  build_number: 1
  subdir: osx-arm64
  url: https://conda.anaconda.org/conda-forge/osx-arm64/tk-8.6.13-h5083fa2_1.conda
  sha256: 72457ad031b4c048e5891f3f6cb27a53cb479db68a52d965f796910e71a403a8
  md5: b50a57ba89c32b62428b71a875291c9b
  depends:
  - libzlib >=1.2.13,<2.0.0a0
  license: TCL
  license_family: BSD
  size: 3145523
  timestamp: 1699202432999
- kind: conda
  name: tomli
  version: 2.0.2
  build: pyhd8ed1ab_0
  subdir: noarch
  noarch: python
  url: https://conda.anaconda.org/conda-forge/noarch/tomli-2.0.2-pyhd8ed1ab_0.conda
  sha256: 5e742ba856168b606ac3c814d247657b1c33b8042371f1a08000bdc5075bc0cc
  md5: e977934e00b355ff55ed154904044727
  depends:
  - python >=3.7
  license: MIT
  license_family: MIT
  size: 18203
  timestamp: 1727974767524
- kind: conda
  name: typos
  version: 1.22.7
  build: h6e96688_0
  subdir: osx-arm64
  url: https://conda.anaconda.org/conda-forge/osx-arm64/typos-1.22.7-h6e96688_0.conda
  sha256: b01ecd5d44b67738f9148add9ec7f12d9f1a4935725fc3d8841d020a7ba93f36
  md5: 61ee622afcccb925d13da044e1c3ab26
  depends:
  - __osx >=11.0
  constrains:
  - __osx >=11.0
  license: MIT
  license_family: MIT
  size: 3355631
  timestamp: 1718216631691
- kind: conda
  name: typst
  version: 0.11.1
  build: h6e96688_1
  build_number: 1
  subdir: osx-arm64
  url: https://conda.anaconda.org/conda-forge/osx-arm64/typst-0.11.1-h6e96688_1.conda
  sha256: 099137f7ee65cadb34cf5aa54e9bf2628903adf76a26952ba4b2e1f1e8ffcd47
  md5: 53fa0134a57fca2c2211b3edb4633239
  depends:
  - __osx >=11.0
  constrains:
  - __osx >=11.0
  license: Apache-2.0
  license_family: Apache
  size: 10945278
  timestamp: 1720521723458
- kind: conda
  name: typst
  version: 0.12.0rc1
  build: h53f8a57_3
  build_number: 3
  subdir: osx-arm64
  url: https://conda.anaconda.org/conda-forge/label/typst_rc/osx-arm64/typst-0.12.0rc1-h53f8a57_3.conda
  sha256: 9aa3fd722a08ec8640537ef6dba57afbb57ac37d839fdc95e312fbf30fee5562
  md5: a3070508b6df52e04f9e69a0d324f039
  depends:
  - __osx >=11.0
  constrains:
  - __osx >=11.0
  arch: arm64
  platform: osx
  license: Apache-2.0
  license_family: Apache
  size: 12156359
  timestamp: 1728337322640
- kind: conda
  name: typst-test
  version: 0.0.0.post106+2b4e689
  build: h6e96688_0
  subdir: osx-arm64
  url: https://conda.anaconda.org/conda-forge/osx-arm64/typst-test-0.0.0.post106+2b4e689-h6e96688_0.conda
  sha256: 472d2eb5144295e6d33d5c632b766586b1fb4a5026e7173551470dcf6cf3f64d
  md5: ee82537ab27780ee221a1a855370e65e
  depends:
  - __osx >=11.0
  constrains:
  - __osx >=11.0
  license: MIT
  license_family: MIT
  size: 11156937
  timestamp: 1721425137996
- kind: conda
  name: tzdata
  version: 2024b
  build: hc8b5060_0
  subdir: noarch
  noarch: generic
  url: https://conda.anaconda.org/conda-forge/noarch/tzdata-2024b-hc8b5060_0.conda
  sha256: 4fde5c3008bf5d2db82f2b50204464314cc3c91c1d953652f7bd01d9e52aefdf
  md5: 8ac3367aafb1cc0a068483c580af8015
  license: LicenseRef-Public-Domain
  size: 122354
  timestamp: 1728047496079
- kind: conda
  name: xz
  version: 5.2.6
  build: h57fd34a_0
  subdir: osx-arm64
  url: https://conda.anaconda.org/conda-forge/osx-arm64/xz-5.2.6-h57fd34a_0.tar.bz2
  sha256: 59d78af0c3e071021cfe82dc40134c19dab8cdf804324b62940f5c8cd71803ec
  md5: 39c6b54e94014701dd157f4f576ed211
  license: LGPL-2.1 and GPL-2.0
  size: 235693
  timestamp: 1660346961024
